
Microsoft Visual Studio Solution File, Format Version 12.00
# Visual Studio Version 17
VisualStudioVersion = 17.2.32526.322
MinimumVisualStudioVersion = 10.0.40219.1
Project("{FAE04EC0-301F-11D3-BF4B-00C04F79EFBC}") = "Torikov", "Torikov\Torikov.csproj", "{82A17483-97B7-4385-9621-E39323603785}"
EndProject
Global
	GlobalSection(SolutionConfigurationPlatforms) = preSolution
		Debug|Any CPU = Debug|Any CPU
		Release|Any CPU = Release|Any CPU
	EndGlobalSection
	GlobalSection(ProjectConfigurationPlatforms) = postSolution
		{82A17483-97B7-4385-9621-E39323603785}.Debug|Any CPU.ActiveCfg = Debug|Any CPU
		{82A17483-97B7-4385-9621-E39323603785}.Debug|Any CPU.Build.0 = Debug|Any CPU
		{82A17483-97B7-4385-9621-E39323603785}.Release|Any CPU.ActiveCfg = Release|Any CPU
		{82A17483-97B7-4385-9621-E39323603785}.Release|Any CPU.Build.0 = Release|Any CPU
	EndGlobalSection
	GlobalSection(SolutionProperties) = preSolution
		HideSolutionNode = FALSE
	EndGlobalSection
	GlobalSection(ExtensibilityGlobals) = postSolution
		SolutionGuid = {11F4D935-66BE-433C-A353-DECD5276BC60}
	EndGlobalSection
EndGlobal
